
Microsoft Visual Studio Solution File, Format Version 12.00
# Visual Studio Version 17
VisualStudioVersion = 17.0.31903.59
MinimumVisualStudioVersion = 10.0.40219.1
Project("{2150E333-8FDC-42A3-9474-1A3956D46DE8}") = "Libraries", "Libraries", "{7D6C816D-9EE8-4AE7-8E4F-965185389D55}"
EndProject
Project("{FAE04EC0-301F-11D3-BF4B-00C04F79EFBC}") = "BST.Application", "Libraries\BST.Application\BST.Application.csproj", "{B2379558-90ED-4028-86B2-92540ABDFA81}"
EndProject
Project("{FAE04EC0-301F-11D3-BF4B-00C04F79EFBC}") = "BST.Core", "Libraries\BST.Core\BST.Core.csproj", "{C7DA1085-E4C8-4B97-982E-AD9110B3F86F}"
EndProject
Project("{FAE04EC0-301F-11D3-BF4B-00C04F79EFBC}") = "BST.WebApi", "web\BST.WebApi.csproj", "{382CF6E7-FA31-45E6-9EFC-048985DC0648}"
EndProject
Global
	GlobalSection(SolutionConfigurationPlatforms) = preSolution
		Debug|Any CPU = Debug|Any CPU
		Release|Any CPU = Release|Any CPU
	EndGlobalSection
	GlobalSection(SolutionProperties) = preSolution
		HideSolutionNode = FALSE
	EndGlobalSection
	GlobalSection(ProjectConfigurationPlatforms) = postSolution
		{B2379558-90ED-4028-86B2-92540ABDFA81}.Debug|Any CPU.ActiveCfg = Debug|Any CPU
		{B2379558-90ED-4028-86B2-92540ABDFA81}.Debug|Any CPU.Build.0 = Debug|Any CPU
		{B2379558-90ED-4028-86B2-92540ABDFA81}.Release|Any CPU.ActiveCfg = Release|Any CPU
		{B2379558-90ED-4028-86B2-92540ABDFA81}.Release|Any CPU.Build.0 = Release|Any CPU
		{C7DA1085-E4C8-4B97-982E-AD9110B3F86F}.Debug|Any CPU.ActiveCfg = Debug|Any CPU
		{C7DA1085-E4C8-4B97-982E-AD9110B3F86F}.Debug|Any CPU.Build.0 = Debug|Any CPU
		{C7DA1085-E4C8-4B97-982E-AD9110B3F86F}.Release|Any CPU.ActiveCfg = Release|Any CPU
		{C7DA1085-E4C8-4B97-982E-AD9110B3F86F}.Release|Any CPU.Build.0 = Release|Any CPU
		{382CF6E7-FA31-45E6-9EFC-048985DC0648}.Debug|Any CPU.ActiveCfg = Debug|Any CPU
		{382CF6E7-FA31-45E6-9EFC-048985DC0648}.Debug|Any CPU.Build.0 = Debug|Any CPU
		{382CF6E7-FA31-45E6-9EFC-048985DC0648}.Release|Any CPU.ActiveCfg = Release|Any CPU
		{382CF6E7-FA31-45E6-9EFC-048985DC0648}.Release|Any CPU.Build.0 = Release|Any CPU
	EndGlobalSection
	GlobalSection(NestedProjects) = preSolution
		{B2379558-90ED-4028-86B2-92540ABDFA81} = {7D6C816D-9EE8-4AE7-8E4F-965185389D55}
		{C7DA1085-E4C8-4B97-982E-AD9110B3F86F} = {7D6C816D-9EE8-4AE7-8E4F-965185389D55}
	EndGlobalSection
EndGlobal
